<?xml version="1.0" encoding="utf-8"?>
<Project ToolsVersion="4.0" xmlns="http://schemas.microsoft.com/developer/msbuild/2003">
  <ItemGroup>
    <Filter Include="Source Files">
      <UniqueIdentifier>{4FC737F1-C7A5-4376-A066-2A32D752A2FF}</UniqueIdentifier>
      <Extensions>cpp;c;cc;cxx;def;odl;idl;hpj;bat;asm;asmx</Extensions>
    </Filter>
    <Filter Include="Header Files">
      <UniqueIdentifier>{93995380-89BD-4b04-88EB-625FBE52EBFB}</UniqueIdentifier>
      <Extensions>h;hh;hpp;hxx;hm;inl;inc;ipp;xsd</Extensions>
    </Filter>
    <Filter Include="Resource Files">
      <UniqueIdentifier>{67DA6AB6-F800-4c08-8B7A-83BB121AAD01}</UniqueIdentifier>
      <Extensions>rc;ico;cur;bmp;dlg;rc2;rct;bin;rgs;gif;jpg;jpeg;jpe;resx;tiff;tif;png;wav;mfcribbon-ms</Extensions>
    </Filter>
    <Filter Include="Source Files\GameObject">
      <UniqueIdentifier>{29917a91-f120-4a54-bc68-33a47b9122d1}</UniqueIdentifier>
    </Filter>
    <Filter Include="Source Files\Timing">
      <UniqueIdentifier>{7f1d8026-2b50-4a36-951d-a7606dd0d224}</UniqueIdentifier>
    </Filter>
    <Filter Include="Source Files\Collision">
      <UniqueIdentifier>{7b0132c9-f605-48b9-881c-ca9db6e1aeff}</UniqueIdentifier>
    </Filter>
    <Filter Include="Source Files\Physics">
      <UniqueIdentifier>{f306f29e-5d3b-459c-9435-b81af4780b68}</UniqueIdentifier>
    </Filter>
    <Filter Include="Source Files\Math">
      <UniqueIdentifier>{058aff50-fa34-4db8-9506-5b709f3c518f}</UniqueIdentifier>
    </Filter>
    <Filter Include="Source Files\Pointers">
      <UniqueIdentifier>{51f83102-7e99-440d-8b10-a3ad5ac42516}</UniqueIdentifier>
    </Filter>
    <Filter Include="Source Files\ConsoleLog">
      <UniqueIdentifier>{3ede9c22-9dcc-4839-9f9e-381a8315c3d1}</UniqueIdentifier>
    </Filter>
    <Filter Include="Source Files\Render">
      <UniqueIdentifier>{87da6e84-fae8-483c-bc9a-3621743cdf4f}</UniqueIdentifier>
    </Filter>
    <Filter Include="Source Files\Engine">
      <UniqueIdentifier>{850441b0-2857-43a5-90ee-26b8eaf2f1fa}</UniqueIdentifier>
    </Filter>
    <Filter Include="Source Files\Factory">
      <UniqueIdentifier>{77afb7e1-8897-4d65-a388-5eadbb2bf7b8}</UniqueIdentifier>
    </Filter>
    <Filter Include="Source Files\Controllers">
      <UniqueIdentifier>{25cac623-9f50-46a6-9cd8-43217953d87e}</UniqueIdentifier>
    </Filter>
    <Filter Include="Source Files\Delegate">
      <UniqueIdentifier>{4d20597e-77ad-44cb-b15e-a85dc03d699c}</UniqueIdentifier>
    </Filter>
    <Filter Include="Source Files\Input">
      <UniqueIdentifier>{f22a06a6-48d1-47e6-b65d-4f8c1067168d}</UniqueIdentifier>
    </Filter>
  </ItemGroup>
  <ItemGroup>
    <ClInclude Include="Point2D.h">
      <Filter>Source Files\Math</Filter>
    </ClInclude>
    <ClInclude Include="Vector3.h">
      <Filter>Source Files\Math</Filter>
    </ClInclude>
    <ClInclude Include="Vector4.h">
      <Filter>Source Files\Math</Filter>
    </ClInclude>
    <ClInclude Include="Matrix4f.h">
      <Filter>Source Files\Math</Filter>
    </ClInclude>
    <ClInclude Include="PhysicsSystem.h">
      <Filter>Source Files\Physics</Filter>
    </ClInclude>
    <ClInclude Include="ConsoleLog.h">
      <Filter>Source Files\ConsoleLog</Filter>
    </ClInclude>
    <ClInclude Include="SmartPointer.h">
      <Filter>Source Files\Pointers</Filter>
    </ClInclude>
    <ClInclude Include="Collision.h">
      <Filter>Source Files\Collision</Filter>
    </ClInclude>
    <ClInclude Include="Clock.h">
      <Filter>Source Files\Timing</Filter>
    </ClInclude>
    <ClInclude Include="Renderable.h">
      <Filter>Source Files\Render</Filter>
    </ClInclude>
    <ClInclude Include="GameObject.h">
      <Filter>Source Files\GameObject</Filter>
    </ClInclude>
    <ClInclude Include="Engine.h">
      <Filter>Source Files\Engine</Filter>
    </ClInclude>
    <ClInclude Include="Delegates.h">
      <Filter>Source Files\Delegate</Filter>
    </ClInclude>
    <ClInclude Include="Input.h">
      <Filter>Source Files\Input</Filter>
    </ClInclude>
    <ClInclude Include="MatrixVector4Unittest.h">
      <Filter>Source Files\Math</Filter>
    </ClInclude>
    <ClInclude Include="LuaCreateGO.h">
      <Filter>Source Files\Factory</Filter>
    </ClInclude>
    <ClInclude Include="BaseController.h">
      <Filter>Source Files\Controllers</Filter>
    </ClInclude>
  </ItemGroup>
  <ItemGroup>
    <ClCompile Include="GameObject.cpp">
      <Filter>Source Files\GameObject</Filter>
    </ClCompile>
    <ClCompile Include="Vector4.cpp">
      <Filter>Source Files\Math</Filter>
    </ClCompile>
    <ClCompile Include="Vector3.cpp">
      <Filter>Source Files\Math</Filter>
    </ClCompile>
    <ClCompile Include="Matrix4f.cpp">
      <Filter>Source Files\Math</Filter>
    </ClCompile>
    <ClCompile Include="PhysicsSystem.cpp">
      <Filter>Source Files\Physics</Filter>
    </ClCompile>
    <ClCompile Include="ConsoleLog.cpp">
      <Filter>Source Files\ConsoleLog</Filter>
    </ClCompile>
    <ClCompile Include="SmartPointer.cpp">
      <Filter>Source Files\Pointers</Filter>
    </ClCompile>
    <ClCompile Include="Clock.cpp">
      <Filter>Source Files\Timing</Filter>
    </ClCompile>
    <ClCompile Include="Collision.cpp">
      <Filter>Source Files\Collision</Filter>
    </ClCompile>
    <ClCompile Include="Engine.cpp">
      <Filter>Source Files\Engine</Filter>
    </ClCompile>
    <ClCompile Include="Renderable.cpp">
      <Filter>Source Files\Render</Filter>
    </ClCompile>
    <ClCompile Include="LuaCreateGO.cpp">
      <Filter>Source Files\Factory</Filter>
    </ClCompile>
    <ClCompile Include="Delegates.cpp">
      <Filter>Source Files\Delegate</Filter>
    </ClCompile>
    <ClCompile Include="Input.cpp">
      <Filter>Source Files\Input</Filter>
    </ClCompile>
    <ClCompile Include="BaseController.cpp">
      <Filter>Source Files\Controllers</Filter>
    </ClCompile>
  </ItemGroup>
</Project>